
Microsoft Visual Studio Solution File, Format Version 12.00
# Visual Studio 2017
Project("{FAE04EC0-301F-11D3-BF4B-00C04F79EFBC}") = "Q2ProjectV2.Plugins", "Q2ProjectV2.Plugins.csproj", "{7CF207CE-3A0E-E77A-A274-A2520F0D9CF6}"
EndProject
Project("{FAE04EC0-301F-11D3-BF4B-00C04F79EFBC}") = "Q2ProjectV2", "Q2ProjectV2.csproj", "{27E96798-3723-087C-B978-8F2357DBCE6A}"
EndProject
Global
	GlobalSection(SolutionConfigurationPlatforms) = preSolution
		Debug|Any CPU = Debug|Any CPU
		Release|Any CPU = Release|Any CPU
	EndGlobalSection
	GlobalSection(ProjectConfigurationPlatforms) = postSolution
		{7CF207CE-3A0E-E77A-A274-A2520F0D9CF6}.Debug|Any CPU.ActiveCfg = Debug|Any CPU
		{7CF207CE-3A0E-E77A-A274-A2520F0D9CF6}.Debug|Any CPU.Build.0 = Debug|Any CPU
		{7CF207CE-3A0E-E77A-A274-A2520F0D9CF6}.Release|Any CPU.ActiveCfg = Release|Any CPU
		{7CF207CE-3A0E-E77A-A274-A2520F0D9CF6}.Release|Any CPU.Build.0 = Release|Any CPU
		{27E96798-3723-087C-B978-8F2357DBCE6A}.Debug|Any CPU.ActiveCfg = Debug|Any CPU
		{27E96798-3723-087C-B978-8F2357DBCE6A}.Debug|Any CPU.Build.0 = Debug|Any CPU
		{27E96798-3723-087C-B978-8F2357DBCE6A}.Release|Any CPU.ActiveCfg = Release|Any CPU
		{27E96798-3723-087C-B978-8F2357DBCE6A}.Release|Any CPU.Build.0 = Release|Any CPU
	EndGlobalSection
	GlobalSection(SolutionProperties) = preSolution
		HideSolutionNode = FALSE
	EndGlobalSection
EndGlobal
